
Microsoft Visual Studio Solution File, Format Version 12.00
# Visual Studio 2013
VisualStudioVersion = 12.0.21005.1
MinimumVisualStudioVersion = 10.0.40219.1
Project("{E24C65DC-7377-472B-9ABA-BC803B73C61A}") = "DG_Trivsel(1)", "http://localhost:52634", "{1F04B8C2-0729-453E-84E9-729A5F0216A3}"
	ProjectSection(WebsiteProperties) = preProject
		UseIISExpress = "true"
		TargetFrameworkMoniker = ".NETFramework,Version%3Dv4.5"
		Debug.AspNetCompiler.VirtualPath = "/localhost_52634"
		Debug.AspNetCompiler.PhysicalPath = "..\..\..\GitHub\DG_Trivsel\"
		Debug.AspNetCompiler.TargetPath = "PrecompiledWeb\localhost_52634\"
		Debug.AspNetCompiler.Updateable = "true"
		Debug.AspNetCompiler.ForceOverwrite = "true"
		Debug.AspNetCompiler.FixedNames = "false"
		Debug.AspNetCompiler.Debug = "True"
		Release.AspNetCompiler.VirtualPath = "/localhost_52634"
		Release.AspNetCompiler.PhysicalPath = "..\..\..\GitHub\DG_Trivsel\"
		Release.AspNetCompiler.TargetPath = "PrecompiledWeb\localhost_52634\"
		Release.AspNetCompiler.Updateable = "true"
		Release.AspNetCompiler.ForceOverwrite = "true"
		Release.AspNetCompiler.FixedNames = "false"
		Release.AspNetCompiler.Debug = "False"
		SlnRelativePath = "..\..\..\GitHub\DG_Trivsel\"
	EndProjectSection
EndProject
Global
	GlobalSection(SolutionConfigurationPlatforms) = preSolution
		Debug|Any CPU = Debug|Any CPU
	EndGlobalSection
	GlobalSection(ProjectConfigurationPlatforms) = postSolution
		{1F04B8C2-0729-453E-84E9-729A5F0216A3}.Debug|Any CPU.ActiveCfg = Debug|Any CPU
		{1F04B8C2-0729-453E-84E9-729A5F0216A3}.Debug|Any CPU.Build.0 = Debug|Any CPU
	EndGlobalSection
	GlobalSection(SolutionProperties) = preSolution
		HideSolutionNode = FALSE
	EndGlobalSection
EndGlobal
